// !$*UTF8*$!
{
	archiveVersion = 1;
	classes = {
	};
	objectVersion = 46;
	objects = {

/* Begin PBXBuildFile section */
		167282CE22A0C6FE006FC25D /* NSDictionary+DYDictionary.m in Sources */ = {isa = PBXBuildFile; fileRef = 167282B322A0C6FC006FC25D /* NSDictionary+DYDictionary.m */; };
		167282CF22A0C6FE006FC25D /* UIColor+DYColor.m in Sources */ = {isa = PBXBuildFile; fileRef = 167282B522A0C6FC006FC25D /* UIColor+DYColor.m */; };
		167282D022A0C6FE006FC25D /* DYTools.m in Sources */ = {isa = PBXBuildFile; fileRef = 167282B622A0C6FC006FC25D /* DYTools.m */; };
		167282D122A0C6FE006FC25D /* UIButton+DYTools.m in Sources */ = {isa = PBXBuildFile; fileRef = 167282BA22A0C6FC006FC25D /* UIButton+DYTools.m */; };
		167282D222A0C6FE006FC25D /* UIView+DYTools.m in Sources */ = {isa = PBXBuildFile; fileRef = 167282BB22A0C6FD006FC25D /* UIView+DYTools.m */; };
		167282D322A0C6FE006FC25D /* UIImage+DYImage.m in Sources */ = {isa = PBXBuildFile; fileRef = 167282BE22A0C6FD006FC25D /* UIImage+DYImage.m */; };
		167282D422A0C6FE006FC25D /* NSMutableAttributedString+DYTools.m in Sources */ = {isa = PBXBuildFile; fileRef = 167282BF22A0C6FD006FC25D /* NSMutableAttributedString+DYTools.m */; };
		167282D522A0C6FE006FC25D /* UIViewController+DYController.m in Sources */ = {isa = PBXBuildFile; fileRef = 167282C122A0C6FD006FC25D /* UIViewController+DYController.m */; };
		167282D622A0C6FE006FC25D /* UILabel+DYTools.m in Sources */ = {isa = PBXBuildFile; fileRef = 167282C322A0C6FD006FC25D /* UILabel+DYTools.m */; };
		167282D722A0C6FE006FC25D /* NSString+DYTools.m in Sources */ = {isa = PBXBuildFile; fileRef = 167282C422A0C6FD006FC25D /* NSString+DYTools.m */; };
		167282D822A0C6FE006FC25D /* UITextField+DYTextField.m in Sources */ = {isa = PBXBuildFile; fileRef = 167282C522A0C6FD006FC25D /* UITextField+DYTextField.m */; };
		167282D922A0C6FE006FC25D /* UITextView+DYTextView.m in Sources */ = {isa = PBXBuildFile; fileRef = 167282C722A0C6FD006FC25D /* UITextView+DYTextView.m */; };
		167282DA22A0C6FE006FC25D /* NSDate+DYDate.m in Sources */ = {isa = PBXBuildFile; fileRef = 167282CA22A0C6FD006FC25D /* NSDate+DYDate.m */; };
		16EECE351F001C540017FF2F /* main.m in Sources */ = {isa = PBXBuildFile; fileRef = 16EECE341F001C540017FF2F /* main.m */; };
		16EECE381F001C540017FF2F /* AppDelegate.m in Sources */ = {isa = PBXBuildFile; fileRef = 16EECE371F001C540017FF2F /* AppDelegate.m */; };
		16EECE3B1F001C540017FF2F /* ViewController.m in Sources */ = {isa = PBXBuildFile; fileRef = 16EECE3A1F001C540017FF2F /* ViewController.m */; };
		16EECE3E1F001C540017FF2F /* Main.storyboard in Resources */ = {isa = PBXBuildFile; fileRef = 16EECE3C1F001C540017FF2F /* Main.storyboard */; };
		16EECE401F001C540017FF2F /* Assets.xcassets in Resources */ = {isa = PBXBuildFile; fileRef = 16EECE3F1F001C540017FF2F /* Assets.xcassets */; };
		16EECE431F001C540017FF2F /* LaunchScreen.storyboard in Resources */ = {isa = PBXBuildFile; fileRef = 16EECE411F001C540017FF2F /* LaunchScreen.storyboard */; };
/* End PBXBuildFile section */

/* Begin PBXFileReference section */
		167282B322A0C6FC006FC25D /* NSDictionary+DYDictionary.m */ = {isa = PBXFileReference; fileEncoding = 4; lastKnownFileType = sourcecode.c.objc; path = "NSDictionary+DYDictionary.m"; sourceTree = "<group>"; };
		167282B422A0C6FC006FC25D /* NSMutableAttributedString+DYTools.h */ = {isa = PBXFileReference; fileEncoding = 4; lastKnownFileType = sourcecode.c.h; path = "NSMutableAttributedString+DYTools.h"; sourceTree = "<group>"; };
		167282B522A0C6FC006FC25D /* UIColor+DYColor.m */ = {isa = PBXFileReference; fileEncoding = 4; lastKnownFileType = sourcecode.c.objc; path = "UIColor+DYColor.m"; sourceTree = "<group>"; };
		167282B622A0C6FC006FC25D /* DYTools.m */ = {isa = PBXFileReference; fileEncoding = 4; lastKnownFileType = sourcecode.c.objc; path = DYTools.m; sourceTree = "<group>"; };
		167282B722A0C6FC006FC25D /* NSDate+DYDate.h */ = {isa = PBXFileReference; fileEncoding = 4; lastKnownFileType = sourcecode.c.h; path = "NSDate+DYDate.h"; sourceTree = "<group>"; };
		167282B822A0C6FC006FC25D /* UILabel+DYTools.h */ = {isa = PBXFileReference; fileEncoding = 4; lastKnownFileType = sourcecode.c.h; path = "UILabel+DYTools.h"; sourceTree = "<group>"; };
		167282B922A0C6FC006FC25D /* UIImage+DYImage.h */ = {isa = PBXFileReference; fileEncoding = 4; lastKnownFileType = sourcecode.c.h; path = "UIImage+DYImage.h"; sourceTree = "<group>"; };
		167282BA22A0C6FC006FC25D /* UIButton+DYTools.m */ = {isa = PBXFileReference; fileEncoding = 4; lastKnownFileType = sourcecode.c.objc; path = "UIButton+DYTools.m"; sourceTree = "<group>"; };
		167282BB22A0C6FD006FC25D /* UIView+DYTools.m */ = {isa = PBXFileReference; fileEncoding = 4; lastKnownFileType = sourcecode.c.objc; path = "UIView+DYTools.m"; sourceTree = "<group>"; };
		167282BC22A0C6FD006FC25D /* UIViewController+DYController.h */ = {isa = PBXFileReference; fileEncoding = 4; lastKnownFileType = sourcecode.c.h; path = "UIViewController+DYController.h"; sourceTree = "<group>"; };
		167282BD22A0C6FD006FC25D /* NSString+DYTools.h */ = {isa = PBXFileReference; fileEncoding = 4; lastKnownFileType = sourcecode.c.h; path = "NSString+DYTools.h"; sourceTree = "<group>"; };
		167282BE22A0C6FD006FC25D /* UIImage+DYImage.m */ = {isa = PBXFileReference; fileEncoding = 4; lastKnownFileType = sourcecode.c.objc; path = "UIImage+DYImage.m"; sourceTree = "<group>"; };
		167282BF22A0C6FD006FC25D /* NSMutableAttributedString+DYTools.m */ = {isa = PBXFileReference; fileEncoding = 4; lastKnownFileType = sourcecode.c.objc; path = "NSMutableAttributedString+DYTools.m"; sourceTree = "<group>"; };
		167282C022A0C6FD006FC25D /* DYTool.h */ = {isa = PBXFileReference; fileEncoding = 4; lastKnownFileType = sourcecode.c.h; path = DYTool.h; sourceTree = "<group>"; };
		167282C122A0C6FD006FC25D /* UIViewController+DYController.m */ = {isa = PBXFileReference; fileEncoding = 4; lastKnownFileType = sourcecode.c.objc; path = "UIViewController+DYController.m"; sourceTree = "<group>"; };
		167282C222A0C6FD006FC25D /* UITextView+DYTextView.h */ = {isa = PBXFileReference; fileEncoding = 4; lastKnownFileType = sourcecode.c.h; path = "UITextView+DYTextView.h"; sourceTree = "<group>"; };
		167282C322A0C6FD006FC25D /* UILabel+DYTools.m */ = {isa = PBXFileReference; fileEncoding = 4; lastKnownFileType = sourcecode.c.objc; path = "UILabel+DYTools.m"; sourceTree = "<group>"; };
		167282C422A0C6FD006FC25D /* NSString+DYTools.m */ = {isa = PBXFileReference; fileEncoding = 4; lastKnownFileType = sourcecode.c.objc; path = "NSString+DYTools.m"; sourceTree = "<group>"; };
		167282C522A0C6FD006FC25D /* UITextField+DYTextField.m */ = {isa = PBXFileReference; fileEncoding = 4; lastKnownFileType = sourcecode.c.objc; path = "UITextField+DYTextField.m"; sourceTree = "<group>"; };
		167282C622A0C6FD006FC25D /* NSDictionary+DYDictionary.h */ = {isa = PBXFileReference; fileEncoding = 4; lastKnownFileType = sourcecode.c.h; path = "NSDictionary+DYDictionary.h"; sourceTree = "<group>"; };
		167282C722A0C6FD006FC25D /* UITextView+DYTextView.m */ = {isa = PBXFileReference; fileEncoding = 4; lastKnownFileType = sourcecode.c.objc; path = "UITextView+DYTextView.m"; sourceTree = "<group>"; };
		167282C822A0C6FD006FC25D /* UITextField+DYTextField.h */ = {isa = PBXFileReference; fileEncoding = 4; lastKnownFileType = sourcecode.c.h; path = "UITextField+DYTextField.h"; sourceTree = "<group>"; };
		167282C922A0C6FD006FC25D /* UIView+DYTools.h */ = {isa = PBXFileReference; fileEncoding = 4; lastKnownFileType = sourcecode.c.h; path = "UIView+DYTools.h"; sourceTree = "<group>"; };
		167282CA22A0C6FD006FC25D /* NSDate+DYDate.m */ = {isa = PBXFileReference; fileEncoding = 4; lastKnownFileType = sourcecode.c.objc; path = "NSDate+DYDate.m"; sourceTree = "<group>"; };
		167282CB22A0C6FE006FC25D /* DYTools.h */ = {isa = PBXFileReference; fileEncoding = 4; lastKnownFileType = sourcecode.c.h; path = DYTools.h; sourceTree = "<group>"; };
		167282CC22A0C6FE006FC25D /* UIButton+DYTools.h */ = {isa = PBXFileReference; fileEncoding = 4; lastKnownFileType = sourcecode.c.h; path = "UIButton+DYTools.h"; sourceTree = "<group>"; };
		167282CD22A0C6FE006FC25D /* UIColor+DYColor.h */ = {isa = PBXFileReference; fileEncoding = 4; lastKnownFileType = sourcecode.c.h; path = "UIColor+DYColor.h"; sourceTree = "<group>"; };
		16EECE301F001C540017FF2F /* DYToolsDemo.app */ = {isa = PBXFileReference; explicitFileType = wrapper.application; includeInIndex = 0; path = DYToolsDemo.app; sourceTree = BUILT_PRODUCTS_DIR; };
		16EECE341F001C540017FF2F /* main.m */ = {isa = PBXFileReference; lastKnownFileType = sourcecode.c.objc; path = main.m; sourceTree = "<group>"; };
		16EECE361F001C540017FF2F /* AppDelegate.h */ = {isa = PBXFileReference; lastKnownFileType = sourcecode.c.h; path = AppDelegate.h; sourceTree = "<group>"; };
		16EECE371F001C540017FF2F /* AppDelegate.m */ = {isa = PBXFileReference; lastKnownFileType = sourcecode.c.objc; path = AppDelegate.m; sourceTree = "<group>"; };
		16EECE391F001C540017FF2F /* ViewController.h */ = {isa = PBXFileReference; lastKnownFileType = sourcecode.c.h; path = ViewController.h; sourceTree = "<group>"; };
		16EECE3A1F001C540017FF2F /* ViewController.m */ = {isa = PBXFileReference; lastKnownFileType = sourcecode.c.objc; path = ViewController.m; sourceTree = "<group>"; };
		16EECE3D1F001C540017FF2F /* Base */ = {isa = PBXFileReference; lastKnownFileType = file.storyboard; name = Base; path = Base.lproj/Main.storyboard; sourceTree = "<group>"; };
		16EECE3F1F001C540017FF2F /* Assets.xcassets */ = {isa = PBXFileReference; lastKnownFileType = folder.assetcatalog; path = Assets.xcassets; sourceTree = "<group>"; };
		16EECE421F001C540017FF2F /* Base */ = {isa = PBXFileReference; lastKnownFileType = file.storyboard; name = Base; path = Base.lproj/LaunchScreen.storyboard; sourceTree = "<group>"; };
		16EECE441F001C540017FF2F /* Info.plist */ = {isa = PBXFileReference; lastKnownFileType = text.plist.xml; path = Info.plist; sourceTree = "<group>"; };
/* End PBXFileReference section */

/* Begin PBXFrameworksBuildPhase section */
		16EECE2D1F001C540017FF2F /* Frameworks */ = {
			isa = PBXFrameworksBuildPhase;
			buildActionMask = 2147483647;
			files = (
			);
			runOnlyForDeploymentPostprocessing = 0;
		};
/* End PBXFrameworksBuildPhase section */

/* Begin PBXGroup section */
		1672828A22A0C6BA006FC25D /* DYTools */ = {
			isa = PBXGroup;
			children = (
				167282C022A0C6FD006FC25D /* DYTool.h */,
				167282CB22A0C6FE006FC25D /* DYTools.h */,
				167282B622A0C6FC006FC25D /* DYTools.m */,
				167282B722A0C6FC006FC25D /* NSDate+DYDate.h */,
				167282CA22A0C6FD006FC25D /* NSDate+DYDate.m */,
				167282C622A0C6FD006FC25D /* NSDictionary+DYDictionary.h */,
				167282B322A0C6FC006FC25D /* NSDictionary+DYDictionary.m */,
				167282B422A0C6FC006FC25D /* NSMutableAttributedString+DYTools.h */,
				167282BF22A0C6FD006FC25D /* NSMutableAttributedString+DYTools.m */,
				167282BD22A0C6FD006FC25D /* NSString+DYTools.h */,
				167282C422A0C6FD006FC25D /* NSString+DYTools.m */,
				167282CC22A0C6FE006FC25D /* UIButton+DYTools.h */,
				167282BA22A0C6FC006FC25D /* UIButton+DYTools.m */,
				167282CD22A0C6FE006FC25D /* UIColor+DYColor.h */,
				167282B522A0C6FC006FC25D /* UIColor+DYColor.m */,
				167282B922A0C6FC006FC25D /* UIImage+DYImage.h */,
				167282BE22A0C6FD006FC25D /* UIImage+DYImage.m */,
				167282B822A0C6FC006FC25D /* UILabel+DYTools.h */,
				167282C322A0C6FD006FC25D /* UILabel+DYTools.m */,
				167282C822A0C6FD006FC25D /* UITextField+DYTextField.h */,
				167282C522A0C6FD006FC25D /* UITextField+DYTextField.m */,
				167282C222A0C6FD006FC25D /* UITextView+DYTextView.h */,
				167282C722A0C6FD006FC25D /* UITextView+DYTextView.m */,
				167282C922A0C6FD006FC25D /* UIView+DYTools.h */,
				167282BB22A0C6FD006FC25D /* UIView+DYTools.m */,
				167282BC22A0C6FD006FC25D /* UIViewController+DYController.h */,
				167282C122A0C6FD006FC25D /* UIViewController+DYController.m */,
			);
			path = DYTools;
			sourceTree = "<group>";
		};
		16EECE271F001C540017FF2F = {
			isa = PBXGroup;
			children = (
				1672828A22A0C6BA006FC25D /* DYTools */,
				16EECE321F001C540017FF2F /* DYToolsDemo */,
				16EECE311F001C540017FF2F /* Products */,
			);
			sourceTree = "<group>";
		};
		16EECE311F001C540017FF2F /* Products */ = {
			isa = PBXGroup;
			children = (
				16EECE301F001C540017FF2F /* DYToolsDemo.app */,
			);
			name = Products;
			sourceTree = "<group>";
		};
		16EECE321F001C540017FF2F /* DYToolsDemo */ = {
			isa = PBXGroup;
			children = (
				16EECE361F001C540017FF2F /* AppDelegate.h */,
				16EECE371F001C540017FF2F /* AppDelegate.m */,
				16EECE391F001C540017FF2F /* ViewController.h */,
				16EECE3A1F001C540017FF2F /* ViewController.m */,
				16EECE3C1F001C540017FF2F /* Main.storyboard */,
				16EECE3F1F001C540017FF2F /* Assets.xcassets */,
				16EECE411F001C540017FF2F /* LaunchScreen.storyboard */,
				16EECE441F001C540017FF2F /* Info.plist */,
				16EECE331F001C540017FF2F /* Supporting Files */,
			);
			path = DYToolsDemo;
			sourceTree = "<group>";
		};
		16EECE331F001C540017FF2F /* Supporting Files */ = {
			isa = PBXGroup;
			children = (
				16EECE341F001C540017FF2F /* main.m */,
			);
			name = "Supporting Files";
			sourceTree = "<group>";
		};
/* End PBXGroup section */

/* Begin PBXNativeTarget section */
		16EECE2F1F001C540017FF2F /* DYToolsDemo */ = {
			isa = PBXNativeTarget;
			buildConfigurationList = 16EECE471F001C540017FF2F /* Build configuration list for PBXNativeTarget "DYToolsDemo" */;
			buildPhases = (
				16EECE2C1F001C540017FF2F /* Sources */,
				16EECE2D1F001C540017FF2F /* Frameworks */,
				16EECE2E1F001C540017FF2F /* Resources */,
			);
			buildRules = (
			);
			dependencies = (
			);
			name = DYToolsDemo;
			productName = DYToolsDemo;
			productReference = 16EECE301F001C540017FF2F /* DYToolsDemo.app */;
			productType = "com.apple.product-type.application";
		};
/* End PBXNativeTarget section */

/* Begin PBXProject section */
		16EECE281F001C540017FF2F /* Project object */ = {
			isa = PBXProject;
			attributes = {
				LastUpgradeCheck = 0910;
				ORGANIZATIONNAME = wdy;
				TargetAttributes = {
					16EECE2F1F001C540017FF2F = {
						CreatedOnToolsVersion = 8.3.1;
						DevelopmentTeam = K4GUQANRV3;
						ProvisioningStyle = Automatic;
					};
				};
			};
			buildConfigurationList = 16EECE2B1F001C540017FF2F /* Build configuration list for PBXProject "DYToolsDemo" */;
			compatibilityVersion = "Xcode 3.2";
			developmentRegion = English;
			hasScannedForEncodings = 0;
			knownRegions = (
				English,
				en,
				Base,
			);
			mainGroup = 16EECE271F001C540017FF2F;
			productRefGroup = 16EECE311F001C540017FF2F /* Products */;
			projectDirPath = "";
			projectRoot = "";
			targets = (
				16EECE2F1F001C540017FF2F /* DYToolsDemo */,
			);
		};
/* End PBXProject section */

/* Begin PBXResourcesBuildPhase section */
		16EECE2E1F001C540017FF2F /* Resources */ = {
			isa = PBXResourcesBuildPhase;
			buildActionMask = 2147483647;
			files = (
				16EECE431F001C540017FF2F /* LaunchScreen.storyboard in Resources */,
				16EECE401F001C540017FF2F /* Assets.xcassets in Resources */,
				16EECE3E1F001C540017FF2F /* Main.storyboard in Resources */,
			);
			runOnlyForDeploymentPostprocessing = 0;
		};
/* End PBXResourcesBuildPhase section */

/* Begin PBXSourcesBuildPhase section */
		16EECE2C1F001C540017FF2F /* Sources */ = {
			isa = PBXSourcesBuildPhase;
			buildActionMask = 2147483647;
			files = (
				167282D322A0C6FE006FC25D /* UIImage+DYImage.m in Sources */,
				167282D022A0C6FE006FC25D /* DYTools.m in Sources */,
				16EECE3B1F001C540017FF2F /* ViewController.m in Sources */,
				167282D522A0C6FE006FC25D /* UIViewController+DYController.m in Sources */,
				167282D822A0C6FE006FC25D /* UITextField+DYTextField.m in Sources */,
				167282CF22A0C6FE006FC25D /* UIColor+DYColor.m in Sources */,
				16EECE381F001C540017FF2F /* AppDelegate.m in Sources */,
				16EECE351F001C540017FF2F /* main.m in Sources */,
				167282D622A0C6FE006FC25D /* UILabel+DYTools.m in Sources */,
				167282D222A0C6FE006FC25D /* UIView+DYTools.m in Sources */,
				167282D422A0C6FE006FC25D /* NSMutableAttributedString+DYTools.m in Sources */,
				167282CE22A0C6FE006FC25D /* NSDictionary+DYDictionary.m in Sources */,
				167282D122A0C6FE006FC25D /* UIButton+DYTools.m in Sources */,
				167282D922A0C6FE006FC25D /* UITextView+DYTextView.m in Sources */,
				167282D722A0C6FE006FC25D /* NSString+DYTools.m in Sources */,
				167282DA22A0C6FE006FC25D /* NSDate+DYDate.m in Sources */,
			);
			runOnlyForDeploymentPostprocessing = 0;
		};
/* End PBXSourcesBuildPhase section */

/* Begin PBXVariantGroup section */
		16EECE3C1F001C540017FF2F /* Main.storyboard */ = {
			isa = PBXVariantGroup;
			children = (
				16EECE3D1F001C540017FF2F /* Base */,
			);
			name = Main.storyboard;
			sourceTree = "<group>";
		};
		16EECE411F001C540017FF2F /* LaunchScreen.storyboard */ = {
			isa = PBXVariantGroup;
			children = (
				16EECE421F001C540017FF2F /* Base */,
			);
			name = LaunchScreen.storyboard;
			sourceTree = "<group>";
		};
/* End PBXVariantGroup section */

/* Begin XCBuildConfiguration section */
		16EECE451F001C540017FF2F /* Debug */ = {
			isa = XCBuildConfiguration;
			buildSettings = {
				ALWAYS_SEARCH_USER_PATHS = NO;
				CLANG_ANALYZER_NONNULL = YES;
				CLANG_ANALYZER_NUMBER_OBJECT_CONVERSION = YES_AGGRESSIVE;
				CLANG_CXX_LANGUAGE_STANDARD = "gnu++0x";
				CLANG_CXX_LIBRARY = "libc++";
				CLANG_ENABLE_MODULES = YES;
				CLANG_ENABLE_OBJC_ARC = YES;
				CLANG_WARN_BLOCK_CAPTURE_AUTORELEASING = YES;
				CLANG_WARN_BOOL_CONVERSION = YES;
				CLANG_WARN_COMMA = YES;
				CLANG_WARN_CONSTANT_CONVERSION = YES;
				CLANG_WARN_DIRECT_OBJC_ISA_USAGE = YES_ERROR;
				CLANG_WARN_DOCUMENTATION_COMMENTS = YES;
				CLANG_WARN_EMPTY_BODY = YES;
				CLANG_WARN_ENUM_CONVERSION = YES;
				CLANG_WARN_INFINITE_RECURSION = YES;
				CLANG_WARN_INT_CONVERSION = YES;
				CLANG_WARN_NON_LITERAL_NULL_CONVERSION = YES;
				CLANG_WARN_OBJC_LITERAL_CONVERSION = YES;
				CLANG_WARN_OBJC_ROOT_CLASS = YES_ERROR;
				CLANG_WARN_RANGE_LOOP_ANALYSIS = YES;
				CLANG_WARN_STRICT_PROTOTYPES = YES;
				CLANG_WARN_SUSPICIOUS_MOVE = YES;
				CLANG_WARN_UNREACHABLE_CODE = YES;
				CLANG_WARN__DUPLICATE_METHOD_MATCH = YES;
				"CODE_SIGN_IDENTITY[sdk=iphoneos*]" = "iPhone Developer";
				COPY_PHASE_STRIP = NO;
				DEBUG_INFORMATION_FORMAT = dwarf;
				ENABLE_STRICT_OBJC_MSGSEND = YES;
				ENABLE_TESTABILITY = YES;
				GCC_C_LANGUAGE_STANDARD = gnu99;
				GCC_DYNAMIC_NO_PIC = NO;
				GCC_NO_COMMON_BLOCKS = YES;
				GCC_OPTIMIZATION_LEVEL = 0;
				GCC_PREPROCESSOR_DEFINITIONS = (
					"DEBUG=1",
					"$(inherited)",
				);
				GCC_WARN_64_TO_32_BIT_CONVERSION = YES;
				GCC_WARN_ABOUT_RETURN_TYPE = YES_ERROR;
				GCC_WARN_UNDECLARED_SELECTOR = YES;
				GCC_WARN_UNINITIALIZED_AUTOS = YES_AGGRESSIVE;
				GCC_WARN_UNUSED_FUNCTION = YES;
				GCC_WARN_UNUSED_VARIABLE = YES;
				IPHONEOS_DEPLOYMENT_TARGET = 10.3;
				MTL_ENABLE_DEBUG_INFO = YES;
				ONLY_ACTIVE_ARCH = YES;
				SDKROOT = iphoneos;
				TARGETED_DEVICE_FAMILY = "1,2";
			};
			name = Debug;
		};
		16EECE461F001C540017FF2F /* Release */ = {
			isa = XCBuildConfiguration;
			buildSettings = {
				ALWAYS_SEARCH_USER_PATHS = NO;
				CLANG_ANALYZER_NONNULL = YES;
				CLANG_ANALYZER_NUMBER_OBJECT_CONVERSION = YES_AGGRESSIVE;
				CLANG_CXX_LANGUAGE_STANDARD = "gnu++0x";
				CLANG_CXX_LIBRARY = "libc++";
				CLANG_ENABLE_MODULES = YES;
				CLANG_ENABLE_OBJC_ARC = YES;
				CLANG_WARN_BLOCK_CAPTURE_AUTORELEASING = YES;
				CLANG_WARN_BOOL_CONVERSION = YES;
				CLANG_WARN_COMMA = YES;
				CLANG_WARN_CONSTANT_CONVERSION = YES;
				CLANG_WARN_DIRECT_OBJC_ISA_USAGE = YES_ERROR;
				CLANG_WARN_DOCUMENTATION_COMMENTS = YES;
				CLANG_WARN_EMPTY_BODY = YES;
				CLANG_WARN_ENUM_CONVERSION = YES;
				CLANG_WARN_INFINITE_RECURSION = YES;
				CLANG_WARN_INT_CONVERSION = YES;
				CLANG_WARN_NON_LITERAL_NULL_CONVERSION = YES;
				CLANG_WARN_OBJC_LITERAL_CONVERSION = YES;
				CLANG_WARN_OBJC_ROOT_CLASS = YES_ERROR;
				CLANG_WARN_RANGE_LOOP_ANALYSIS = YES;
				CLANG_WARN_STRICT_PROTOTYPES = YES;
				CLANG_WARN_SUSPICIOUS_MOVE = YES;
				CLANG_WARN_UNREACHABLE_CODE = YES;
				CLANG_WARN__DUPLICATE_METHOD_MATCH = YES;
				"CODE_SIGN_IDENTITY[sdk=iphoneos*]" = "iPhone Developer";
				COPY_PHASE_STRIP = NO;
				DEBUG_INFORMATION_FORMAT = "dwarf-with-dsym";
				ENABLE_NS_ASSERTIONS = NO;
				ENABLE_STRICT_OBJC_MSGSEND = YES;
				GCC_C_LANGUAGE_STANDARD = gnu99;
				GCC_NO_COMMON_BLOCKS = YES;
				GCC_WARN_64_TO_32_BIT_CONVERSION = YES;
				GCC_WARN_ABOUT_RETURN_TYPE = YES_ERROR;
				GCC_WARN_UNDECLARED_SELECTOR = YES;
				GCC_WARN_UNINITIALIZED_AUTOS = YES_AGGRESSIVE;
				GCC_WARN_UNUSED_FUNCTION = YES;
				GCC_WARN_UNUSED_VARIABLE = YES;
				IPHONEOS_DEPLOYMENT_TARGET = 10.3;
				MTL_ENABLE_DEBUG_INFO = NO;
				SDKROOT = iphoneos;
				TARGETED_DEVICE_FAMILY = "1,2";
				VALIDATE_PRODUCT = YES;
			};
			name = Release;
		};
		16EECE481F001C540017FF2F /* Debug */ = {
			isa = XCBuildConfiguration;
			buildSettings = {
				ASSETCATALOG_COMPILER_APPICON_NAME = AppIcon;
				DEVELOPMENT_TEAM = K4GUQANRV3;
				INFOPLIST_FILE = DYToolsDemo/Info.plist;
				IPHONEOS_DEPLOYMENT_TARGET = 8.0;
				LD_RUNPATH_SEARCH_PATHS = "$(inherited) @executable_path/Frameworks";
				PRODUCT_BUNDLE_IDENTIFIER = wdy.DYToolsDemo;
				PRODUCT_NAME = "$(TARGET_NAME)";
			};
			name = Debug;
		};
		16EECE491F001C540017FF2F /* Release */ = {
			isa = XCBuildConfiguration;
			buildSettings = {
				ASSETCATALOG_COMPILER_APPICON_NAME = AppIcon;
				DEVELOPMENT_TEAM = K4GUQANRV3;
				INFOPLIST_FILE = DYToolsDemo/Info.plist;
				IPHONEOS_DEPLOYMENT_TARGET = 8.0;
				LD_RUNPATH_SEARCH_PATHS = "$(inherited) @executable_path/Frameworks";
				PRODUCT_BUNDLE_IDENTIFIER = wdy.DYToolsDemo;
				PRODUCT_NAME = "$(TARGET_NAME)";
			};
			name = Release;
		};
/* End XCBuildConfiguration section */

/* Begin XCConfigurationList section */
		16EECE2B1F001C540017FF2F /* Build configuration list for PBXProject "DYToolsDemo" */ = {
			isa = XCConfigurationList;
			buildConfigurations = (
				16EECE451F001C540017FF2F /* Debug */,
				16EECE461F001C540017FF2F /* Release */,
			);
			defaultConfigurationIsVisible = 0;
			defaultConfigurationName = Release;
		};
		16EECE471F001C540017FF2F /* Build configuration list for PBXNativeTarget "DYToolsDemo" */ = {
			isa = XCConfigurationList;
			buildConfigurations = (
				16EECE481F001C540017FF2F /* Debug */,
				16EECE491F001C540017FF2F /* Release */,
			);
			defaultConfigurationIsVisible = 0;
			defaultConfigurationName = Release;
		};
/* End XCConfigurationList section */
	};
	rootObject = 16EECE281F001C540017FF2F /* Project object */;
}
